
Microsoft Visual Studio Solution File, Format Version 12.00
# Visual Studio Version 17
VisualStudioVersion = 17.9.34728.123
MinimumVisualStudioVersion = 10.0.40219.1
Project("{8BC9CEB8-8B4A-11D0-8D11-00A0C91BC942}") = "Task_2_3", "Task_2_3.vcxproj", "{44063C0A-DE7B-472D-ABF5-AD91C0C55F13}"
EndProject
Global
	GlobalSection(SolutionConfigurationPlatforms) = preSolution
		Debug|x64 = Debug|x64
		Debug|x86 = Debug|x86
		Release|x64 = Release|x64
		Release|x86 = Release|x86
	EndGlobalSection
	GlobalSection(ProjectConfigurationPlatforms) = postSolution
		{44063C0A-DE7B-472D-ABF5-AD91C0C55F13}.Debug|x64.ActiveCfg = Debug|x64
		{44063C0A-DE7B-472D-ABF5-AD91C0C55F13}.Debug|x64.Build.0 = Debug|x64
		{44063C0A-DE7B-472D-ABF5-AD91C0C55F13}.Debug|x86.ActiveCfg = Debug|Win32
		{44063C0A-DE7B-472D-ABF5-AD91C0C55F13}.Debug|x86.Build.0 = Debug|Win32
		{44063C0A-DE7B-472D-ABF5-AD91C0C55F13}.Release|x64.ActiveCfg = Release|x64
		{44063C0A-DE7B-472D-ABF5-AD91C0C55F13}.Release|x64.Build.0 = Release|x64
		{44063C0A-DE7B-472D-ABF5-AD91C0C55F13}.Release|x86.ActiveCfg = Release|Win32
		{44063C0A-DE7B-472D-ABF5-AD91C0C55F13}.Release|x86.Build.0 = Release|Win32
	EndGlobalSection
	GlobalSection(SolutionProperties) = preSolution
		HideSolutionNode = FALSE
	EndGlobalSection
	GlobalSection(ExtensibilityGlobals) = postSolution
		SolutionGuid = {607E76E6-12DA-4AE7-9E91-49243F434923}
	EndGlobalSection
EndGlobal
